
Microsoft Visual Studio Solution File, Format Version 12.00
# Visual Studio 15
VisualStudioVersion = 15.0.28307.438
MinimumVisualStudioVersion = 10.0.40219.1
Project("{FAE04EC0-301F-11D3-BF4B-00C04F79EFBC}") = "LGFA", "LGFA.csproj", "{A6BEB30F-EAE4-469B-A284-7926E716CD69}"
EndProject
Project("{930C7802-8A8C-48F9-8165-68863BCCD9DD}") = "Sky Sports Installer", "Sky Sports Installer\Sky Sports Installer.wixproj", "{5CA64050-0A9F-4BC0-B956-B8C8F5344E28}"
EndProject
Global
	GlobalSection(SolutionConfigurationPlatforms) = preSolution
		Debug|Any CPU = Debug|Any CPU
		Debug|x86 = Debug|x86
		Release|Any CPU = Release|Any CPU
		Release|x86 = Release|x86
	EndGlobalSection
	GlobalSection(ProjectConfigurationPlatforms) = postSolution
		{A6BEB30F-EAE4-469B-A284-7926E716CD69}.Debug|Any CPU.ActiveCfg = Debug|Any CPU
		{A6BEB30F-EAE4-469B-A284-7926E716CD69}.Debug|Any CPU.Build.0 = Debug|Any CPU
		{A6BEB30F-EAE4-469B-A284-7926E716CD69}.Debug|x86.ActiveCfg = Debug|Any CPU
		{A6BEB30F-EAE4-469B-A284-7926E716CD69}.Debug|x86.Build.0 = Debug|Any CPU
		{A6BEB30F-EAE4-469B-A284-7926E716CD69}.Release|Any CPU.ActiveCfg = Release|Any CPU
		{A6BEB30F-EAE4-469B-A284-7926E716CD69}.Release|Any CPU.Build.0 = Release|Any CPU
		{A6BEB30F-EAE4-469B-A284-7926E716CD69}.Release|x86.ActiveCfg = Release|Any CPU
		{A6BEB30F-EAE4-469B-A284-7926E716CD69}.Release|x86.Build.0 = Release|Any CPU
		{5CA64050-0A9F-4BC0-B956-B8C8F5344E28}.Debug|Any CPU.ActiveCfg = Debug|x86
		{5CA64050-0A9F-4BC0-B956-B8C8F5344E28}.Debug|Any CPU.Build.0 = Debug|x86
		{5CA64050-0A9F-4BC0-B956-B8C8F5344E28}.Debug|x86.ActiveCfg = Debug|x86
		{5CA64050-0A9F-4BC0-B956-B8C8F5344E28}.Debug|x86.Build.0 = Debug|x86
		{5CA64050-0A9F-4BC0-B956-B8C8F5344E28}.Release|Any CPU.ActiveCfg = Release|x86
		{5CA64050-0A9F-4BC0-B956-B8C8F5344E28}.Release|x86.ActiveCfg = Release|x86
		{5CA64050-0A9F-4BC0-B956-B8C8F5344E28}.Release|x86.Build.0 = Release|x86
	EndGlobalSection
	GlobalSection(SolutionProperties) = preSolution
		HideSolutionNode = FALSE
	EndGlobalSection
	GlobalSection(ExtensibilityGlobals) = postSolution
		SolutionGuid = {206153AA-10BA-4712-A37D-7ABD34EFDE6D}
	EndGlobalSection
EndGlobal
